
Microsoft Visual Studio Solution File, Format Version 12.00
# Visual Studio 15
VisualStudioVersion = 15.0.28307.1259
MinimumVisualStudioVersion = 10.0.40219.1
Project("{FAE04EC0-301F-11D3-BF4B-00C04F79EFBC}") = "WebApplication2", "WebApplication2\WebApplication2.csproj", "{60E933ED-41B9-4284-8169-98D7C434F33D}"
EndProject
Global
	GlobalSection(SolutionConfigurationPlatforms) = preSolution
		Debug|Any CPU = Debug|Any CPU
		Release|Any CPU = Release|Any CPU
	EndGlobalSection
	GlobalSection(ProjectConfigurationPlatforms) = postSolution
		{60E933ED-41B9-4284-8169-98D7C434F33D}.Debug|Any CPU.ActiveCfg = Debug|Any CPU
		{60E933ED-41B9-4284-8169-98D7C434F33D}.Debug|Any CPU.Build.0 = Debug|Any CPU
		{60E933ED-41B9-4284-8169-98D7C434F33D}.Release|Any CPU.ActiveCfg = Release|Any CPU
		{60E933ED-41B9-4284-8169-98D7C434F33D}.Release|Any CPU.Build.0 = Release|Any CPU
	EndGlobalSection
	GlobalSection(SolutionProperties) = preSolution
		HideSolutionNode = FALSE
	EndGlobalSection
	GlobalSection(ExtensibilityGlobals) = postSolution
		SolutionGuid = {65CB6D8F-2C4A-4CE6-8A08-9297506721D9}
	EndGlobalSection
EndGlobal
